
Microsoft Visual Studio Solution File, Format Version 12.00
# Visual Studio Version 17
VisualStudioVersion = 17.7.34202.233
MinimumVisualStudioVersion = 10.0.40219.1
Project("{9A19103F-16F7-4668-BE54-9A1E7A4F7556}") = "IntervalTimerWebApi", "IntervalTimerWebApi.csproj", "{B338069E-81E1-4934-90BA-7D250924694C}"
EndProject
Global
	GlobalSection(SolutionConfigurationPlatforms) = preSolution
		Debug|Any CPU = Debug|Any CPU
		Release|Any CPU = Release|Any CPU
	EndGlobalSection
	GlobalSection(ProjectConfigurationPlatforms) = postSolution
		{B338069E-81E1-4934-90BA-7D250924694C}.Debug|Any CPU.ActiveCfg = Debug|Any CPU
		{B338069E-81E1-4934-90BA-7D250924694C}.Debug|Any CPU.Build.0 = Debug|Any CPU
		{B338069E-81E1-4934-90BA-7D250924694C}.Release|Any CPU.ActiveCfg = Release|Any CPU
		{B338069E-81E1-4934-90BA-7D250924694C}.Release|Any CPU.Build.0 = Release|Any CPU
	EndGlobalSection
	GlobalSection(SolutionProperties) = preSolution
		HideSolutionNode = FALSE
	EndGlobalSection
	GlobalSection(ExtensibilityGlobals) = postSolution
		SolutionGuid = {5E322318-411B-43A6-BCA4-8E805AD295EF}
	EndGlobalSection
EndGlobal
